Microsoft Visual Studio Solution File, Format Version 12.00
# Visual Studio Version 17
VisualStudioVersion = 17.14.35906.104
MinimumVisualStudioVersion = 10.0.40219.1
Project("{FAE04EC0-301F-11D3-BF4B-00C04F79EFBC}") = "RotaViagem", "RotaViagem.csproj", "{49D4B87B-9ECB-4E07-9AD5-E12023B1A619}"
EndProject
Project("{FAE04EC0-301F-11D3-BF4B-00C04F79EFBC}") = "RotaViagem.Tests", "..\RotaViagem.Tests\RotaViagem.Tests.csproj", "{E1A1EA0E-99FB-4C94-A813-E797ED2868CC}"
EndProject
Global
	GlobalSection(SolutionConfigurationPlatforms) = preSolution
		Debug|Any CPU = Debug|Any CPU
		Release|Any CPU = Release|Any CPU
	EndGlobalSection
	GlobalSection(ProjectConfigurationPlatforms) = postSolution
		{49D4B87B-9ECB-4E07-9AD5-E12023B1A619}.Debug|Any CPU.ActiveCfg = Debug|Any CPU
		{49D4B87B-9ECB-4E07-9AD5-E12023B1A619}.Debug|Any CPU.Build.0 = Debug|Any CPU
		{49D4B87B-9ECB-4E07-9AD5-E12023B1A619}.Release|Any CPU.ActiveCfg = Release|Any CPU
		{49D4B87B-9ECB-4E07-9AD5-E12023B1A619}.Release|Any CPU.Build.0 = Release|Any CPU
		{E1A1EA0E-99FB-4C94-A813-E797ED2868CC}.Debug|Any CPU.ActiveCfg = Debug|Any CPU
		{E1A1EA0E-99FB-4C94-A813-E797ED2868CC}.Debug|Any CPU.Build.0 = Debug|Any CPU
		{E1A1EA0E-99FB-4C94-A813-E797ED2868CC}.Release|Any CPU.ActiveCfg = Release|Any CPU
		{E1A1EA0E-99FB-4C94-A813-E797ED2868CC}.Release|Any CPU.Build.0 = Release|Any CPU
	EndGlobalSection
	GlobalSection(SolutionProperties) = preSolution
		HideSolutionNode = FALSE
	EndGlobalSection
	GlobalSection(ExtensibilityGlobals) = postSolution
		SolutionGuid = {CF6A8035-1F75-4208-BAAC-5D880466AB7F}
	EndGlobalSection
EndGlobal
